// !$*UTF8*$!
{
	archiveVersion = 1;
	classes = {
	};
	objectVersion = 56;
	objects = {

/* Begin PBXBuildFile section */
		142BC6E22B8868B20046D8AB /* FirebaseAnalytics in Frameworks */ = {isa = PBXBuildFile; productRef = 142BC6E12B8868B20046D8AB /* FirebaseAnalytics */; };
		142BC6E42B8868B20046D8AB /* FirebaseAnalyticsOnDeviceConversion in Frameworks */ = {isa = PBXBuildFile; productRef = 142BC6E32B8868B20046D8AB /* FirebaseAnalyticsOnDeviceConversion */; };
		142BC6E62B8868B20046D8AB /* FirebaseAnalyticsSwift in Frameworks */ = {isa = PBXBuildFile; productRef = 142BC6E52B8868B20046D8AB /* FirebaseAnalyticsSwift */; };
		142BC6E82B8868B20046D8AB /* FirebaseAnalyticsWithoutAdIdSupport in Frameworks */ = {isa = PBXBuildFile; productRef = 142BC6E72B8868B20046D8AB /* FirebaseAnalyticsWithoutAdIdSupport */; };
		142BC6EA2B8868B20046D8AB /* FirebaseAppCheck in Frameworks */ = {isa = PBXBuildFile; productRef = 142BC6E92B8868B20046D8AB /* FirebaseAppCheck */; };
		142BC6EC2B8868B20046D8AB /* FirebaseAppDistribution-Beta in Frameworks */ = {isa = PBXBuildFile; productRef = 142BC6EB2B8868B20046D8AB /* FirebaseAppDistribution-Beta */; };
		142BC6EE2B8868B20046D8AB /* FirebaseAuth in Frameworks */ = {isa = PBXBuildFile; productRef = 142BC6ED2B8868B20046D8AB /* FirebaseAuth */; };
		142BC6F02B8868B20046D8AB /* FirebaseAuthCombine-Community in Frameworks */ = {isa = PBXBuildFile; productRef = 142BC6EF2B8868B20046D8AB /* FirebaseAuthCombine-Community */; };
		142BC6F22B8868B20046D8AB /* FirebaseCrashlytics in Frameworks */ = {isa = PBXBuildFile; productRef = 142BC6F12B8868B20046D8AB /* FirebaseCrashlytics */; };
		142BC6F42B8868B20046D8AB /* FirebaseDatabase in Frameworks */ = {isa = PBXBuildFile; productRef = 142BC6F32B8868B20046D8AB /* FirebaseDatabase */; };
		142BC6F62B8868B20046D8AB /* FirebaseDatabaseSwift in Frameworks */ = {isa = PBXBuildFile; productRef = 142BC6F52B8868B20046D8AB /* FirebaseDatabaseSwift */; };
		142BC6F82B8868B20046D8AB /* FirebaseDynamicLinks in Frameworks */ = {isa = PBXBuildFile; productRef = 142BC6F72B8868B20046D8AB /* FirebaseDynamicLinks */; };
		142BC6FA2B8868B20046D8AB /* FirebaseFirestore in Frameworks */ = {isa = PBXBuildFile; productRef = 142BC6F92B8868B20046D8AB /* FirebaseFirestore */; };
		142BC6FC2B8868B20046D8AB /* FirebaseFirestoreCombine-Community in Frameworks */ = {isa = PBXBuildFile; productRef = 142BC6FB2B8868B20046D8AB /* FirebaseFirestoreCombine-Community */; };
		142BC6FE2B8868B20046D8AB /* FirebaseFirestoreSwift in Frameworks */ = {isa = PBXBuildFile; productRef = 142BC6FD2B8868B20046D8AB /* FirebaseFirestoreSwift */; };
		142BC7002B8868B20046D8AB /* FirebaseFunctions in Frameworks */ = {isa = PBXBuildFile; productRef = 142BC6FF2B8868B20046D8AB /* FirebaseFunctions */; };
		142BC7022B8868B20046D8AB /* FirebaseFunctionsCombine-Community in Frameworks */ = {isa = PBXBuildFile; productRef = 142BC7012B8868B20046D8AB /* FirebaseFunctionsCombine-Community */; };
		142BC7042B8868B20046D8AB /* FirebaseInAppMessaging-Beta in Frameworks */ = {isa = PBXBuildFile; productRef = 142BC7032B8868B20046D8AB /* FirebaseInAppMessaging-Beta */; };
		142BC7062B8868B20046D8AB /* FirebaseInAppMessagingSwift-Beta in Frameworks */ = {isa = PBXBuildFile; productRef = 142BC7052B8868B20046D8AB /* FirebaseInAppMessagingSwift-Beta */; };
		142BC7082B8868B20046D8AB /* FirebaseInstallations in Frameworks */ = {isa = PBXBuildFile; productRef = 142BC7072B8868B20046D8AB /* FirebaseInstallations */; };
		142BC70A2B8868B20046D8AB /* FirebaseMLModelDownloader in Frameworks */ = {isa = PBXBuildFile; productRef = 142BC7092B8868B20046D8AB /* FirebaseMLModelDownloader */; };
		142BC70C2B8868B20046D8AB /* FirebaseMessaging in Frameworks */ = {isa = PBXBuildFile; productRef = 142BC70B2B8868B20046D8AB /* FirebaseMessaging */; };
		142BC70E2B8868B20046D8AB /* FirebasePerformance in Frameworks */ = {isa = PBXBuildFile; productRef = 142BC70D2B8868B20046D8AB /* FirebasePerformance */; };
		142BC7102B8868B20046D8AB /* FirebaseRemoteConfig in Frameworks */ = {isa = PBXBuildFile; productRef = 142BC70F2B8868B20046D8AB /* FirebaseRemoteConfig */; };
		142BC7122B8868B20046D8AB /* FirebaseRemoteConfigSwift in Frameworks */ = {isa = PBXBuildFile; productRef = 142BC7112B8868B20046D8AB /* FirebaseRemoteConfigSwift */; };
		142BC7142B8868B20046D8AB /* FirebaseStorage in Frameworks */ = {isa = PBXBuildFile; productRef = 142BC7132B8868B20046D8AB /* FirebaseStorage */; };
		142BC7162B8868B20046D8AB /* FirebaseStorageCombine-Community in Frameworks */ = {isa = PBXBuildFile; productRef = 142BC7152B8868B20046D8AB /* FirebaseStorageCombine-Community */; };
		142BC7192B8869140046D8AB /* Alamofire in Frameworks */ = {isa = PBXBuildFile; productRef = 142BC7182B8869140046D8AB /* Alamofire */; };
		142BC71C2B88697C0046D8AB /* KakaoSDK in Frameworks */ = {isa = PBXBuildFile; productRef = 142BC71B2B88697C0046D8AB /* KakaoSDK */; };
		142BC71E2B88697C0046D8AB /* KakaoSDKAuth in Frameworks */ = {isa = PBXBuildFile; productRef = 142BC71D2B88697C0046D8AB /* KakaoSDKAuth */; };
		142BC7202B88697C0046D8AB /* KakaoSDKCommon in Frameworks */ = {isa = PBXBuildFile; productRef = 142BC71F2B88697C0046D8AB /* KakaoSDKCommon */; };
		142BC7222B88697C0046D8AB /* KakaoSDKUser in Frameworks */ = {isa = PBXBuildFile; productRef = 142BC7212B88697C0046D8AB /* KakaoSDKUser */; };
		142BC7252B8869AD0046D8AB /* SnapKit in Frameworks */ = {isa = PBXBuildFile; productRef = 142BC7242B8869AD0046D8AB /* SnapKit */; };
		142BC7272B8869AD0046D8AB /* SnapKit-Dynamic in Frameworks */ = {isa = PBXBuildFile; productRef = 142BC7262B8869AD0046D8AB /* SnapKit-Dynamic */; };
		142BC72A2B886A1A0046D8AB /* FSCalendar in Frameworks */ = {isa = PBXBuildFile; productRef = 142BC7292B886A1A0046D8AB /* FSCalendar */; };
		14D2BE612B84BBBF0006AC51 /* AppDelegate.swift in Sources */ = {isa = PBXBuildFile; fileRef = 14D2BE602B84BBBF0006AC51 /* AppDelegate.swift */; };
		14D2BE632B84BBBF0006AC51 /* SceneDelegate.swift in Sources */ = {isa = PBXBuildFile; fileRef = 14D2BE622B84BBBF0006AC51 /* SceneDelegate.swift */; };
		14D2BE6B2B84BBBF0006AC51 /* Pillanner.xcdatamodeld in Sources */ = {isa = PBXBuildFile; fileRef = 14D2BE692B84BBBF0006AC51 /* Pillanner.xcdatamodeld */; };
		14D2BE6D2B84BBC20006AC51 /* Assets.xcassets in Resources */ = {isa = PBXBuildFile; fileRef = 14D2BE6C2B84BBC20006AC51 /* Assets.xcassets */; };
		14D2BE702B84BBC20006AC51 /* LaunchScreen.storyboard in Resources */ = {isa = PBXBuildFile; fileRef = 14D2BE6E2B84BBC20006AC51 /* LaunchScreen.storyboard */; };
		14D2BE7B2B8590850006AC51 /* GoogleService-Info.plist in Resources */ = {isa = PBXBuildFile; fileRef = 14D2BE7A2B8590850006AC51 /* GoogleService-Info.plist */; };
		14F2CFB72B87080E007F354B /* CalendarViewController.swift in Sources */ = {isa = PBXBuildFile; fileRef = 14F2CFB62B87080E007F354B /* CalendarViewController.swift */; };
		14F2CFB92B870818007F354B /* UserMainViewController.swift in Sources */ = {isa = PBXBuildFile; fileRef = 14F2CFB82B870818007F354B /* UserMainViewController.swift */; };
		14F2CFBB2B870827007F354B /* InitialSetUpViewController.swift in Sources */ = {isa = PBXBuildFile; fileRef = 14F2CFBA2B870827007F354B /* InitialSetUpViewController.swift */; };
		14F2CFBD2B870831007F354B /* JoinUsViewController.swift in Sources */ = {isa = PBXBuildFile; fileRef = 14F2CFBC2B870831007F354B /* JoinUsViewController.swift */; };
/* End PBXBuildFile section */

/* Begin PBXFileReference section */
		14D2BE5D2B84BBBF0006AC51 /* Pillanner.app */ = {isa = PBXFileReference; explicitFileType = wrapper.application; includeInIndex = 0; path = Pillanner.app; sourceTree = BUILT_PRODUCTS_DIR; };
		14D2BE602B84BBBF0006AC51 /* AppDelegate.swift */ = {isa = PBXFileReference; lastKnownFileType = sourcecode.swift; path = AppDelegate.swift; sourceTree = "<group>"; };
		14D2BE622B84BBBF0006AC51 /* SceneDelegate.swift */ = {isa = PBXFileReference; lastKnownFileType = sourcecode.swift; path = SceneDelegate.swift; sourceTree = "<group>"; };
		14D2BE6A2B84BBBF0006AC51 /* Pillanner.xcdatamodel */ = {isa = PBXFileReference; lastKnownFileType = wrapper.xcdatamodel; path = Pillanner.xcdatamodel; sourceTree = "<group>"; };
		14D2BE6C2B84BBC20006AC51 /* Assets.xcassets */ = {isa = PBXFileReference; lastKnownFileType = folder.assetcatalog; path = Assets.xcassets; sourceTree = "<group>"; };
		14D2BE6F2B84BBC20006AC51 /* Base */ = {isa = PBXFileReference; lastKnownFileType = file.storyboard; name = Base; path = Base.lproj/LaunchScreen.storyboard; sourceTree = "<group>"; };
		14D2BE712B84BBC20006AC51 /* Info.plist */ = {isa = PBXFileReference; lastKnownFileType = text.plist.xml; path = Info.plist; sourceTree = "<group>"; };
		14D2BE7A2B8590850006AC51 /* GoogleService-Info.plist */ = {isa = PBXFileReference; fileEncoding = 4; lastKnownFileType = text.plist.xml; path = "GoogleService-Info.plist"; sourceTree = "<group>"; };
		14F2CFB62B87080E007F354B /* CalendarViewController.swift */ = {isa = PBXFileReference; lastKnownFileType = sourcecode.swift; path = CalendarViewController.swift; sourceTree = "<group>"; };
		14F2CFB82B870818007F354B /* UserMainViewController.swift */ = {isa = PBXFileReference; lastKnownFileType = sourcecode.swift; path = UserMainViewController.swift; sourceTree = "<group>"; };
		14F2CFBA2B870827007F354B /* InitialSetUpViewController.swift */ = {isa = PBXFileReference; lastKnownFileType = sourcecode.swift; path = InitialSetUpViewController.swift; sourceTree = "<group>"; };
		14F2CFBC2B870831007F354B /* JoinUsViewController.swift */ = {isa = PBXFileReference; lastKnownFileType = sourcecode.swift; path = JoinUsViewController.swift; sourceTree = "<group>"; };
/* End PBXFileReference section */

/* Begin PBXFrameworksBuildPhase section */
		14D2BE5A2B84BBBF0006AC51 /* Frameworks */ = {
			isa = PBXFrameworksBuildPhase;
			buildActionMask = 2147483647;
			files = (
				142BC6F42B8868B20046D8AB /* FirebaseDatabase in Frameworks */,
				142BC7192B8869140046D8AB /* Alamofire in Frameworks */,
				142BC7022B8868B20046D8AB /* FirebaseFunctionsCombine-Community in Frameworks */,
				142BC6FA2B8868B20046D8AB /* FirebaseFirestore in Frameworks */,
				142BC6E62B8868B20046D8AB /* FirebaseAnalyticsSwift in Frameworks */,
				142BC6E22B8868B20046D8AB /* FirebaseAnalytics in Frameworks */,
				142BC6E42B8868B20046D8AB /* FirebaseAnalyticsOnDeviceConversion in Frameworks */,
				142BC70A2B8868B20046D8AB /* FirebaseMLModelDownloader in Frameworks */,
				142BC6FE2B8868B20046D8AB /* FirebaseFirestoreSwift in Frameworks */,
				142BC6EA2B8868B20046D8AB /* FirebaseAppCheck in Frameworks */,
				142BC6E82B8868B20046D8AB /* FirebaseAnalyticsWithoutAdIdSupport in Frameworks */,
				142BC6EE2B8868B20046D8AB /* FirebaseAuth in Frameworks */,
				142BC6F22B8868B20046D8AB /* FirebaseCrashlytics in Frameworks */,
				142BC7122B8868B20046D8AB /* FirebaseRemoteConfigSwift in Frameworks */,
				142BC7042B8868B20046D8AB /* FirebaseInAppMessaging-Beta in Frameworks */,
				142BC7272B8869AD0046D8AB /* SnapKit-Dynamic in Frameworks */,
				142BC6F62B8868B20046D8AB /* FirebaseDatabaseSwift in Frameworks */,
				142BC7002B8868B20046D8AB /* FirebaseFunctions in Frameworks */,
				142BC7162B8868B20046D8AB /* FirebaseStorageCombine-Community in Frameworks */,
				142BC7202B88697C0046D8AB /* KakaoSDKCommon in Frameworks */,
				142BC7102B8868B20046D8AB /* FirebaseRemoteConfig in Frameworks */,
				142BC7222B88697C0046D8AB /* KakaoSDKUser in Frameworks */,
				142BC7252B8869AD0046D8AB /* SnapKit in Frameworks */,
				142BC71C2B88697C0046D8AB /* KakaoSDK in Frameworks */,
				142BC6EC2B8868B20046D8AB /* FirebaseAppDistribution-Beta in Frameworks */,
				142BC6F02B8868B20046D8AB /* FirebaseAuthCombine-Community in Frameworks */,
				142BC70E2B8868B20046D8AB /* FirebasePerformance in Frameworks */,
				142BC7062B8868B20046D8AB /* FirebaseInAppMessagingSwift-Beta in Frameworks */,
				142BC7142B8868B20046D8AB /* FirebaseStorage in Frameworks */,
				142BC6F82B8868B20046D8AB /* FirebaseDynamicLinks in Frameworks */,
				142BC6FC2B8868B20046D8AB /* FirebaseFirestoreCombine-Community in Frameworks */,
				142BC70C2B8868B20046D8AB /* FirebaseMessaging in Frameworks */,
				142BC7082B8868B20046D8AB /* FirebaseInstallations in Frameworks */,
				142BC72A2B886A1A0046D8AB /* FSCalendar in Frameworks */,
				142BC71E2B88697C0046D8AB /* KakaoSDKAuth in Frameworks */,
			);
			runOnlyForDeploymentPostprocessing = 0;
		};
/* End PBXFrameworksBuildPhase section */

/* Begin PBXGroup section */
		14D2BE542B84BBBF0006AC51 = {
			isa = PBXGroup;
			children = (
				14D2BE5F2B84BBBF0006AC51 /* Pillanner */,
				14D2BE5E2B84BBBF0006AC51 /* Products */,
			);
			sourceTree = "<group>";
		};
		14D2BE5E2B84BBBF0006AC51 /* Products */ = {
			isa = PBXGroup;
			children = (
				14D2BE5D2B84BBBF0006AC51 /* Pillanner.app */,
			);
			name = Products;
			sourceTree = "<group>";
		};
		14D2BE5F2B84BBBF0006AC51 /* Pillanner */ = {
			isa = PBXGroup;
			children = (
				14F2CFB52B86E053007F354B /* Calendar */,
				14F2CFB42B86E011007F354B /* UserMain */,
				14D2BE792B84C2C60006AC51 /* Model */,
				14D2BE782B84C2C40006AC51 /* InitialSetUp */,
				14D2BE772B84C2C10006AC51 /* JoinUs */,
				14D2BE602B84BBBF0006AC51 /* AppDelegate.swift */,
				14D2BE622B84BBBF0006AC51 /* SceneDelegate.swift */,
				14D2BE6C2B84BBC20006AC51 /* Assets.xcassets */,
				14D2BE6E2B84BBC20006AC51 /* LaunchScreen.storyboard */,
				14D2BE712B84BBC20006AC51 /* Info.plist */,
				14D2BE7A2B8590850006AC51 /* GoogleService-Info.plist */,
			);
			path = Pillanner;
			sourceTree = "<group>";
		};
		14D2BE772B84C2C10006AC51 /* JoinUs */ = {
			isa = PBXGroup;
			children = (
				14F2CFBC2B870831007F354B /* JoinUsViewController.swift */,
			);
			path = JoinUs;
			sourceTree = "<group>";
		};
		14D2BE782B84C2C40006AC51 /* InitialSetUp */ = {
			isa = PBXGroup;
			children = (
				14F2CFBA2B870827007F354B /* InitialSetUpViewController.swift */,
			);
			path = InitialSetUp;
			sourceTree = "<group>";
		};
		14D2BE792B84C2C60006AC51 /* Model */ = {
			isa = PBXGroup;
			children = (
				14D2BE692B84BBBF0006AC51 /* Pillanner.xcdatamodeld */,
			);
			path = Model;
			sourceTree = "<group>";
		};
		14F2CFB42B86E011007F354B /* UserMain */ = {
			isa = PBXGroup;
			children = (
				14F2CFB82B870818007F354B /* UserMainViewController.swift */,
			);
			path = UserMain;
			sourceTree = "<group>";
		};
		14F2CFB52B86E053007F354B /* Calendar */ = {
			isa = PBXGroup;
			children = (
				14F2CFB62B87080E007F354B /* CalendarViewController.swift */,
			);
			path = Calendar;
			sourceTree = "<group>";
		};
/* End PBXGroup section */

/* Begin PBXNativeTarget section */
		14D2BE5C2B84BBBF0006AC51 /* Pillanner */ = {
			isa = PBXNativeTarget;
			buildConfigurationList = 14D2BE742B84BBC20006AC51 /* Build configuration list for PBXNativeTarget "Pillanner" */;
			buildPhases = (
				14D2BE592B84BBBF0006AC51 /* Sources */,
				14D2BE5A2B84BBBF0006AC51 /* Frameworks */,
				14D2BE5B2B84BBBF0006AC51 /* Resources */,
			);
			buildRules = (
			);
			dependencies = (
			);
			name = Pillanner;
			packageProductDependencies = (
				142BC6E12B8868B20046D8AB /* FirebaseAnalytics */,
				142BC6E32B8868B20046D8AB /* FirebaseAnalyticsOnDeviceConversion */,
				142BC6E52B8868B20046D8AB /* FirebaseAnalyticsSwift */,
				142BC6E72B8868B20046D8AB /* FirebaseAnalyticsWithoutAdIdSupport */,
				142BC6E92B8868B20046D8AB /* FirebaseAppCheck */,
				142BC6EB2B8868B20046D8AB /* FirebaseAppDistribution-Beta */,
				142BC6ED2B8868B20046D8AB /* FirebaseAuth */,
				142BC6EF2B8868B20046D8AB /* FirebaseAuthCombine-Community */,
				142BC6F12B8868B20046D8AB /* FirebaseCrashlytics */,
				142BC6F32B8868B20046D8AB /* FirebaseDatabase */,
				142BC6F52B8868B20046D8AB /* FirebaseDatabaseSwift */,
				142BC6F72B8868B20046D8AB /* FirebaseDynamicLinks */,
				142BC6F92B8868B20046D8AB /* FirebaseFirestore */,
				142BC6FB2B8868B20046D8AB /* FirebaseFirestoreCombine-Community */,
				142BC6FD2B8868B20046D8AB /* FirebaseFirestoreSwift */,
				142BC6FF2B8868B20046D8AB /* FirebaseFunctions */,
				142BC7012B8868B20046D8AB /* FirebaseFunctionsCombine-Community */,
				142BC7032B8868B20046D8AB /* FirebaseInAppMessaging-Beta */,
				142BC7052B8868B20046D8AB /* FirebaseInAppMessagingSwift-Beta */,
				142BC7072B8868B20046D8AB /* FirebaseInstallations */,
				142BC7092B8868B20046D8AB /* FirebaseMLModelDownloader */,
				142BC70B2B8868B20046D8AB /* FirebaseMessaging */,
				142BC70D2B8868B20046D8AB /* FirebasePerformance */,
				142BC70F2B8868B20046D8AB /* FirebaseRemoteConfig */,
				142BC7112B8868B20046D8AB /* FirebaseRemoteConfigSwift */,
				142BC7132B8868B20046D8AB /* FirebaseStorage */,
				142BC7152B8868B20046D8AB /* FirebaseStorageCombine-Community */,
				142BC7182B8869140046D8AB /* Alamofire */,
				142BC71B2B88697C0046D8AB /* KakaoSDK */,
				142BC71D2B88697C0046D8AB /* KakaoSDKAuth */,
				142BC71F2B88697C0046D8AB /* KakaoSDKCommon */,
				142BC7212B88697C0046D8AB /* KakaoSDKUser */,
				142BC7242B8869AD0046D8AB /* SnapKit */,
				142BC7262B8869AD0046D8AB /* SnapKit-Dynamic */,
				142BC7292B886A1A0046D8AB /* FSCalendar */,
			);
			productName = Pillanner;
			productReference = 14D2BE5D2B84BBBF0006AC51 /* Pillanner.app */;
			productType = "com.apple.product-type.application";
		};
/* End PBXNativeTarget section */

/* Begin PBXProject section */
		14D2BE552B84BBBF0006AC51 /* Project object */ = {
			isa = PBXProject;
			attributes = {
				BuildIndependentTargetsInParallel = 1;
				LastSwiftUpdateCheck = 1520;
				LastUpgradeCheck = 1520;
				TargetAttributes = {
					14D2BE5C2B84BBBF0006AC51 = {
						CreatedOnToolsVersion = 15.2;
					};
				};
			};
			buildConfigurationList = 14D2BE582B84BBBF0006AC51 /* Build configuration list for PBXProject "Pillanner" */;
			compatibilityVersion = "Xcode 14.0";
			developmentRegion = en;
			hasScannedForEncodings = 0;
			knownRegions = (
				en,
				Base,
			);
			mainGroup = 14D2BE542B84BBBF0006AC51;
			packageReferences = (
				142BC6E02B8868B20046D8AB /* XCRemoteSwiftPackageReference "firebase-ios-sdk" */,
				142BC7172B8869140046D8AB /* XCRemoteSwiftPackageReference "Alamofire" */,
				142BC71A2B88697C0046D8AB /* XCRemoteSwiftPackageReference "kakao-ios-sdk" */,
				142BC7232B8869AD0046D8AB /* XCRemoteSwiftPackageReference "SnapKit" */,
				142BC7282B886A1A0046D8AB /* XCRemoteSwiftPackageReference "FSCalendar" */,
			);
			productRefGroup = 14D2BE5E2B84BBBF0006AC51 /* Products */;
			projectDirPath = "";
			projectRoot = "";
			targets = (
				14D2BE5C2B84BBBF0006AC51 /* Pillanner */,
			);
		};
/* End PBXProject section */

/* Begin PBXResourcesBuildPhase section */
		14D2BE5B2B84BBBF0006AC51 /* Resources */ = {
			isa = PBXResourcesBuildPhase;
			buildActionMask = 2147483647;
			files = (
				14D2BE702B84BBC20006AC51 /* LaunchScreen.storyboard in Resources */,
				14D2BE6D2B84BBC20006AC51 /* Assets.xcassets in Resources */,
				14D2BE7B2B8590850006AC51 /* GoogleService-Info.plist in Resources */,
			);
			runOnlyForDeploymentPostprocessing = 0;
		};
/* End PBXResourcesBuildPhase section */

/* Begin PBXSourcesBuildPhase section */
		14D2BE592B84BBBF0006AC51 /* Sources */ = {
			isa = PBXSourcesBuildPhase;
			buildActionMask = 2147483647;
			files = (
				14F2CFB72B87080E007F354B /* CalendarViewController.swift in Sources */,
				14F2CFB92B870818007F354B /* UserMainViewController.swift in Sources */,
				14D2BE612B84BBBF0006AC51 /* AppDelegate.swift in Sources */,
				14D2BE632B84BBBF0006AC51 /* SceneDelegate.swift in Sources */,
				14F2CFBB2B870827007F354B /* InitialSetUpViewController.swift in Sources */,
				14D2BE6B2B84BBBF0006AC51 /* Pillanner.xcdatamodeld in Sources */,
				14F2CFBD2B870831007F354B /* JoinUsViewController.swift in Sources */,
			);
			runOnlyForDeploymentPostprocessing = 0;
		};
/* End PBXSourcesBuildPhase section */

/* Begin PBXVariantGroup section */
		14D2BE6E2B84BBC20006AC51 /* LaunchScreen.storyboard */ = {
			isa = PBXVariantGroup;
			children = (
				14D2BE6F2B84BBC20006AC51 /* Base */,
			);
			name = LaunchScreen.storyboard;
			sourceTree = "<group>";
		};
/* End PBXVariantGroup section */

/* Begin XCBuildConfiguration section */
		14D2BE722B84BBC20006AC51 /* Debug */ = {
			isa = XCBuildConfiguration;
			buildSettings = {
				ALWAYS_SEARCH_USER_PATHS = NO;
				ASSETCATALOG_COMPILER_GENERATE_SWIFT_ASSET_SYMBOL_EXTENSIONS = YES;
				CLANG_ANALYZER_NONNULL = YES;
				CLANG_ANALYZER_NUMBER_OBJECT_CONVERSION = YES_AGGRESSIVE;
				CLANG_CXX_LANGUAGE_STANDARD = "gnu++20";
				CLANG_ENABLE_MODULES = YES;
				CLANG_ENABLE_OBJC_ARC = YES;
				CLANG_ENABLE_OBJC_WEAK = YES;
				CLANG_WARN_BLOCK_CAPTURE_AUTORELEASING = YES;
				CLANG_WARN_BOOL_CONVERSION = YES;
				CLANG_WARN_COMMA = YES;
				CLANG_WARN_CONSTANT_CONVERSION = YES;
				CLANG_WARN_DEPRECATED_OBJC_IMPLEMENTATIONS = YES;
				CLANG_WARN_DIRECT_OBJC_ISA_USAGE = YES_ERROR;
				CLANG_WARN_DOCUMENTATION_COMMENTS = YES;
				CLANG_WARN_EMPTY_BODY = YES;
				CLANG_WARN_ENUM_CONVERSION = YES;
				CLANG_WARN_INFINITE_RECURSION = YES;
				CLANG_WARN_INT_CONVERSION = YES;
				CLANG_WARN_NON_LITERAL_NULL_CONVERSION = YES;
				CLANG_WARN_OBJC_IMPLICIT_RETAIN_SELF = YES;
				CLANG_WARN_OBJC_LITERAL_CONVERSION = YES;
				CLANG_WARN_OBJC_ROOT_CLASS = YES_ERROR;
				CLANG_WARN_QUOTED_INCLUDE_IN_FRAMEWORK_HEADER = YES;
				CLANG_WARN_RANGE_LOOP_ANALYSIS = YES;
				CLANG_WARN_STRICT_PROTOTYPES = YES;
				CLANG_WARN_SUSPICIOUS_MOVE = YES;
				CLANG_WARN_UNGUARDED_AVAILABILITY = YES_AGGRESSIVE;
				CLANG_WARN_UNREACHABLE_CODE = YES;
				CLANG_WARN__DUPLICATE_METHOD_MATCH = YES;
				COPY_PHASE_STRIP = NO;
				DEBUG_INFORMATION_FORMAT = dwarf;
				ENABLE_STRICT_OBJC_MSGSEND = YES;
				ENABLE_TESTABILITY = YES;
				ENABLE_USER_SCRIPT_SANDBOXING = YES;
				GCC_C_LANGUAGE_STANDARD = gnu17;
				GCC_DYNAMIC_NO_PIC = NO;
				GCC_NO_COMMON_BLOCKS = YES;
				GCC_OPTIMIZATION_LEVEL = 0;
				GCC_PREPROCESSOR_DEFINITIONS = (
					"DEBUG=1",
					"$(inherited)",
				);
				GCC_WARN_64_TO_32_BIT_CONVERSION = YES;
				GCC_WARN_ABOUT_RETURN_TYPE = YES_ERROR;
				GCC_WARN_UNDECLARED_SELECTOR = YES;
				GCC_WARN_UNINITIALIZED_AUTOS = YES_AGGRESSIVE;
				GCC_WARN_UNUSED_FUNCTION = YES;
				GCC_WARN_UNUSED_VARIABLE = YES;
				IPHONEOS_DEPLOYMENT_TARGET = 17.2;
				LOCALIZATION_PREFERS_STRING_CATALOGS = YES;
				MTL_ENABLE_DEBUG_INFO = INCLUDE_SOURCE;
				MTL_FAST_MATH = YES;
				ONLY_ACTIVE_ARCH = YES;
				SDKROOT = iphoneos;
				SWIFT_ACTIVE_COMPILATION_CONDITIONS = "DEBUG $(inherited)";
				SWIFT_OPTIMIZATION_LEVEL = "-Onone";
			};
			name = Debug;
		};
		14D2BE732B84BBC20006AC51 /* Release */ = {
			isa = XCBuildConfiguration;
			buildSettings = {
				ALWAYS_SEARCH_USER_PATHS = NO;
				ASSETCATALOG_COMPILER_GENERATE_SWIFT_ASSET_SYMBOL_EXTENSIONS = YES;
				CLANG_ANALYZER_NONNULL = YES;
				CLANG_ANALYZER_NUMBER_OBJECT_CONVERSION = YES_AGGRESSIVE;
				CLANG_CXX_LANGUAGE_STANDARD = "gnu++20";
				CLANG_ENABLE_MODULES = YES;
				CLANG_ENABLE_OBJC_ARC = YES;
				CLANG_ENABLE_OBJC_WEAK = YES;
				CLANG_WARN_BLOCK_CAPTURE_AUTORELEASING = YES;
				CLANG_WARN_BOOL_CONVERSION = YES;
				CLANG_WARN_COMMA = YES;
				CLANG_WARN_CONSTANT_CONVERSION = YES;
				CLANG_WARN_DEPRECATED_OBJC_IMPLEMENTATIONS = YES;
				CLANG_WARN_DIRECT_OBJC_ISA_USAGE = YES_ERROR;
				CLANG_WARN_DOCUMENTATION_COMMENTS = YES;
				CLANG_WARN_EMPTY_BODY = YES;
				CLANG_WARN_ENUM_CONVERSION = YES;
				CLANG_WARN_INFINITE_RECURSION = YES;
				CLANG_WARN_INT_CONVERSION = YES;
				CLANG_WARN_NON_LITERAL_NULL_CONVERSION = YES;
				CLANG_WARN_OBJC_IMPLICIT_RETAIN_SELF = YES;
				CLANG_WARN_OBJC_LITERAL_CONVERSION = YES;
				CLANG_WARN_OBJC_ROOT_CLASS = YES_ERROR;
				CLANG_WARN_QUOTED_INCLUDE_IN_FRAMEWORK_HEADER = YES;
				CLANG_WARN_RANGE_LOOP_ANALYSIS = YES;
				CLANG_WARN_STRICT_PROTOTYPES = YES;
				CLANG_WARN_SUSPICIOUS_MOVE = YES;
				CLANG_WARN_UNGUARDED_AVAILABILITY = YES_AGGRESSIVE;
				CLANG_WARN_UNREACHABLE_CODE = YES;
				CLANG_WARN__DUPLICATE_METHOD_MATCH = YES;
				COPY_PHASE_STRIP = NO;
				DEBUG_INFORMATION_FORMAT = "dwarf-with-dsym";
				ENABLE_NS_ASSERTIONS = NO;
				ENABLE_STRICT_OBJC_MSGSEND = YES;
				ENABLE_USER_SCRIPT_SANDBOXING = YES;
				GCC_C_LANGUAGE_STANDARD = gnu17;
				GCC_NO_COMMON_BLOCKS = YES;
				GCC_WARN_64_TO_32_BIT_CONVERSION = YES;
				GCC_WARN_ABOUT_RETURN_TYPE = YES_ERROR;
				GCC_WARN_UNDECLARED_SELECTOR = YES;
				GCC_WARN_UNINITIALIZED_AUTOS = YES_AGGRESSIVE;
				GCC_WARN_UNUSED_FUNCTION = YES;
				GCC_WARN_UNUSED_VARIABLE = YES;
				IPHONEOS_DEPLOYMENT_TARGET = 17.2;
				LOCALIZATION_PREFERS_STRING_CATALOGS = YES;
				MTL_ENABLE_DEBUG_INFO = NO;
				MTL_FAST_MATH = YES;
				SDKROOT = iphoneos;
				SWIFT_COMPILATION_MODE = wholemodule;
				VALIDATE_PRODUCT = YES;
			};
			name = Release;
		};
		14D2BE752B84BBC20006AC51 /* Debug */ = {
			isa = XCBuildConfiguration;
			buildSettings = {
				ASSETCATALOG_COMPILER_APPICON_NAME = AppIcon;
				ASSETCATALOG_COMPILER_GLOBAL_ACCENT_COLOR_NAME = AccentColor;
				CODE_SIGN_STYLE = Automatic;
				CURRENT_PROJECT_VERSION = 1;
				ENABLE_USER_SCRIPT_SANDBOXING = NO;
				GENERATE_INFOPLIST_FILE = YES;
				INFOPLIST_FILE = Pillanner/Info.plist;
				INFOPLIST_KEY_UIApplicationSupportsIndirectInputEvents = YES;
				INFOPLIST_KEY_UILaunchStoryboardName = LaunchScreen;
				INFOPLIST_KEY_UISupportedInterfaceOrientations_iPad = "UIInterfaceOrientationPortrait UIInterfaceOrientationPortraitUpsideDown UIInterfaceOrientationLandscapeLeft UIInterfaceOrientationLandscapeRight";
				INFOPLIST_KEY_UISupportedInterfaceOrientations_iPhone = "UIInterfaceOrientationPortrait UIInterfaceOrientationLandscapeLeft UIInterfaceOrientationLandscapeRight";
				IPHONEOS_DEPLOYMENT_TARGET = 15.0;
				LD_RUNPATH_SEARCH_PATHS = (
					"$(inherited)",
					"@executable_path/Frameworks",
				);
				MARKETING_VERSION = 1.0;
				PRODUCT_BUNDLE_IDENTIFIER = com.p1llsoh1gh.Pillanner;
				PRODUCT_NAME = "$(TARGET_NAME)";
				SWIFT_EMIT_LOC_STRINGS = YES;
				SWIFT_VERSION = 5.0;
				TARGETED_DEVICE_FAMILY = "1,2";
			};
			name = Debug;
		};
		14D2BE762B84BBC20006AC51 /* Release */ = {
			isa = XCBuildConfiguration;
			buildSettings = {
				ASSETCATALOG_COMPILER_APPICON_NAME = AppIcon;
				ASSETCATALOG_COMPILER_GLOBAL_ACCENT_COLOR_NAME = AccentColor;
				CODE_SIGN_STYLE = Automatic;
				CURRENT_PROJECT_VERSION = 1;
				ENABLE_USER_SCRIPT_SANDBOXING = NO;
				GENERATE_INFOPLIST_FILE = YES;
				INFOPLIST_FILE = Pillanner/Info.plist;
				INFOPLIST_KEY_UIApplicationSupportsIndirectInputEvents = YES;
				INFOPLIST_KEY_UILaunchStoryboardName = LaunchScreen;
				INFOPLIST_KEY_UISupportedInterfaceOrientations_iPad = "UIInterfaceOrientationPortrait UIInterfaceOrientationPortraitUpsideDown UIInterfaceOrientationLandscapeLeft UIInterfaceOrientationLandscapeRight";
				INFOPLIST_KEY_UISupportedInterfaceOrientations_iPhone = "UIInterfaceOrientationPortrait UIInterfaceOrientationLandscapeLeft UIInterfaceOrientationLandscapeRight";
				IPHONEOS_DEPLOYMENT_TARGET = 15.0;
				LD_RUNPATH_SEARCH_PATHS = (
					"$(inherited)",
					"@executable_path/Frameworks",
				);
				MARKETING_VERSION = 1.0;
				PRODUCT_BUNDLE_IDENTIFIER = com.p1llsoh1gh.Pillanner;
				PRODUCT_NAME = "$(TARGET_NAME)";
				SWIFT_EMIT_LOC_STRINGS = YES;
				SWIFT_VERSION = 5.0;
				TARGETED_DEVICE_FAMILY = "1,2";
			};
			name = Release;
		};
/* End XCBuildConfiguration section */

/* Begin XCConfigurationList section */
		14D2BE582B84BBBF0006AC51 /* Build configuration list for PBXProject "Pillanner" */ = {
			isa = XCConfigurationList;
			buildConfigurations = (
				14D2BE722B84BBC20006AC51 /* Debug */,
				14D2BE732B84BBC20006AC51 /* Release */,
			);
			defaultConfigurationIsVisible = 0;
			defaultConfigurationName = Release;
		};
		14D2BE742B84BBC20006AC51 /* Build configuration list for PBXNativeTarget "Pillanner" */ = {
			isa = XCConfigurationList;
			buildConfigurations = (
				14D2BE752B84BBC20006AC51 /* Debug */,
				14D2BE762B84BBC20006AC51 /* Release */,
			);
			defaultConfigurationIsVisible = 0;
			defaultConfigurationName = Release;
		};
/* End XCConfigurationList section */

/* Begin XCRemoteSwiftPackageReference section */
		142BC6E02B8868B20046D8AB /* XCRemoteSwiftPackageReference "firebase-ios-sdk" */ = {
			isa = XCRemoteSwiftPackageReference;
			repositoryURL = "https://github.com/firebase/firebase-ios-sdk.git";
			requirement = {
				kind = upToNextMajorVersion;
				minimumVersion = 10.21.0;
			};
		};
		142BC7172B8869140046D8AB /* XCRemoteSwiftPackageReference "Alamofire" */ = {
			isa = XCRemoteSwiftPackageReference;
			repositoryURL = "https://github.com/Alamofire/Alamofire.git";
			requirement = {
				kind = upToNextMajorVersion;
				minimumVersion = 5.8.1;
			};
		};
		142BC71A2B88697C0046D8AB /* XCRemoteSwiftPackageReference "kakao-ios-sdk" */ = {
			isa = XCRemoteSwiftPackageReference;
			repositoryURL = "https://github.com/kakao/kakao-ios-sdk";
			requirement = {
				kind = upToNextMajorVersion;
				minimumVersion = 2.20.0;
			};
		};
		142BC7232B8869AD0046D8AB /* XCRemoteSwiftPackageReference "SnapKit" */ = {
			isa = XCRemoteSwiftPackageReference;
			repositoryURL = "https://github.com/SnapKit/SnapKit.git";
			requirement = {
				kind = upToNextMajorVersion;
				minimumVersion = 5.7.1;
			};
		};
		142BC7282B886A1A0046D8AB /* XCRemoteSwiftPackageReference "FSCalendar" */ = {
			isa = XCRemoteSwiftPackageReference;
			repositoryURL = "https://github.com/WenchaoD/FSCalendar.git";
			requirement = {
				kind = upToNextMajorVersion;
				minimumVersion = 2.8.4;
			};
		};
/* End XCRemoteSwiftPackageReference section */

/* Begin XCSwiftPackageProductDependency section */
		142BC6E12B8868B20046D8AB /* FirebaseAnalytics */ = {
			isa = XCSwiftPackageProductDependency;
			package = 142BC6E02B8868B20046D8AB /* XCRemoteSwiftPackageReference "firebase-ios-sdk" */;
			productName = FirebaseAnalytics;
		};
		142BC6E32B8868B20046D8AB /* FirebaseAnalyticsOnDeviceConversion */ = {
			isa = XCSwiftPackageProductDependency;
			package = 142BC6E02B8868B20046D8AB /* XCRemoteSwiftPackageReference "firebase-ios-sdk" */;
			productName = FirebaseAnalyticsOnDeviceConversion;
		};
		142BC6E52B8868B20046D8AB /* FirebaseAnalyticsSwift */ = {
			isa = XCSwiftPackageProductDependency;
			package = 142BC6E02B8868B20046D8AB /* XCRemoteSwiftPackageReference "firebase-ios-sdk" */;
			productName = FirebaseAnalyticsSwift;
		};
		142BC6E72B8868B20046D8AB /* FirebaseAnalyticsWithoutAdIdSupport */ = {
			isa = XCSwiftPackageProductDependency;
			package = 142BC6E02B8868B20046D8AB /* XCRemoteSwiftPackageReference "firebase-ios-sdk" */;
			productName = FirebaseAnalyticsWithoutAdIdSupport;
		};
		142BC6E92B8868B20046D8AB /* FirebaseAppCheck */ = {
			isa = XCSwiftPackageProductDependency;
			package = 142BC6E02B8868B20046D8AB /* XCRemoteSwiftPackageReference "firebase-ios-sdk" */;
			productName = FirebaseAppCheck;
		};
		142BC6EB2B8868B20046D8AB /* FirebaseAppDistribution-Beta */ = {
			isa = XCSwiftPackageProductDependency;
			package = 142BC6E02B8868B20046D8AB /* XCRemoteSwiftPackageReference "firebase-ios-sdk" */;
			productName = "FirebaseAppDistribution-Beta";
		};
		142BC6ED2B8868B20046D8AB /* FirebaseAuth */ = {
			isa = XCSwiftPackageProductDependency;
			package = 142BC6E02B8868B20046D8AB /* XCRemoteSwiftPackageReference "firebase-ios-sdk" */;
			productName = FirebaseAuth;
		};
		142BC6EF2B8868B20046D8AB /* FirebaseAuthCombine-Community */ = {
			isa = XCSwiftPackageProductDependency;
			package = 142BC6E02B8868B20046D8AB /* XCRemoteSwiftPackageReference "firebase-ios-sdk" */;
			productName = "FirebaseAuthCombine-Community";
		};
		142BC6F12B8868B20046D8AB /* FirebaseCrashlytics */ = {
			isa = XCSwiftPackageProductDependency;
			package = 142BC6E02B8868B20046D8AB /* XCRemoteSwiftPackageReference "firebase-ios-sdk" */;
			productName = FirebaseCrashlytics;
		};
		142BC6F32B8868B20046D8AB /* FirebaseDatabase */ = {
			isa = XCSwiftPackageProductDependency;
			package = 142BC6E02B8868B20046D8AB /* XCRemoteSwiftPackageReference "firebase-ios-sdk" */;
			productName = FirebaseDatabase;
		};
		142BC6F52B8868B20046D8AB /* FirebaseDatabaseSwift */ = {
			isa = XCSwiftPackageProductDependency;
			package = 142BC6E02B8868B20046D8AB /* XCRemoteSwiftPackageReference "firebase-ios-sdk" */;
			productName = FirebaseDatabaseSwift;
		};
		142BC6F72B8868B20046D8AB /* FirebaseDynamicLinks */ = {
			isa = XCSwiftPackageProductDependency;
			package = 142BC6E02B8868B20046D8AB /* XCRemoteSwiftPackageReference "firebase-ios-sdk" */;
			productName = FirebaseDynamicLinks;
		};
		142BC6F92B8868B20046D8AB /* FirebaseFirestore */ = {
			isa = XCSwiftPackageProductDependency;
			package = 142BC6E02B8868B20046D8AB /* XCRemoteSwiftPackageReference "firebase-ios-sdk" */;
			productName = FirebaseFirestore;
		};
		142BC6FB2B8868B20046D8AB /* FirebaseFirestoreCombine-Community */ = {
			isa = XCSwiftPackageProductDependency;
			package = 142BC6E02B8868B20046D8AB /* XCRemoteSwiftPackageReference "firebase-ios-sdk" */;
			productName = "FirebaseFirestoreCombine-Community";
		};
		142BC6FD2B8868B20046D8AB /* FirebaseFirestoreSwift */ = {
			isa = XCSwiftPackageProductDependency;
			package = 142BC6E02B8868B20046D8AB /* XCRemoteSwiftPackageReference "firebase-ios-sdk" */;
			productName = FirebaseFirestoreSwift;
		};
		142BC6FF2B8868B20046D8AB /* FirebaseFunctions */ = {
			isa = XCSwiftPackageProductDependency;
			package = 142BC6E02B8868B20046D8AB /* XCRemoteSwiftPackageReference "firebase-ios-sdk" */;
			productName = FirebaseFunctions;
		};
		142BC7012B8868B20046D8AB /* FirebaseFunctionsCombine-Community */ = {
			isa = XCSwiftPackageProductDependency;
			package = 142BC6E02B8868B20046D8AB /* XCRemoteSwiftPackageReference "firebase-ios-sdk" */;
			productName = "FirebaseFunctionsCombine-Community";
		};
		142BC7032B8868B20046D8AB /* FirebaseInAppMessaging-Beta */ = {
			isa = XCSwiftPackageProductDependency;
			package = 142BC6E02B8868B20046D8AB /* XCRemoteSwiftPackageReference "firebase-ios-sdk" */;
			productName = "FirebaseInAppMessaging-Beta";
		};
		142BC7052B8868B20046D8AB /* FirebaseInAppMessagingSwift-Beta */ = {
			isa = XCSwiftPackageProductDependency;
			package = 142BC6E02B8868B20046D8AB /* XCRemoteSwiftPackageReference "firebase-ios-sdk" */;
			productName = "FirebaseInAppMessagingSwift-Beta";
		};
		142BC7072B8868B20046D8AB /* FirebaseInstallations */ = {
			isa = XCSwiftPackageProductDependency;
			package = 142BC6E02B8868B20046D8AB /* XCRemoteSwiftPackageReference "firebase-ios-sdk" */;
			productName = FirebaseInstallations;
		};
		142BC7092B8868B20046D8AB /* FirebaseMLModelDownloader */ = {
			isa = XCSwiftPackageProductDependency;
			package = 142BC6E02B8868B20046D8AB /* XCRemoteSwiftPackageReference "firebase-ios-sdk" */;
			productName = FirebaseMLModelDownloader;
		};
		142BC70B2B8868B20046D8AB /* FirebaseMessaging */ = {
			isa = XCSwiftPackageProductDependency;
			package = 142BC6E02B8868B20046D8AB /* XCRemoteSwiftPackageReference "firebase-ios-sdk" */;
			productName = FirebaseMessaging;
		};
		142BC70D2B8868B20046D8AB /* FirebasePerformance */ = {
			isa = XCSwiftPackageProductDependency;
			package = 142BC6E02B8868B20046D8AB /* XCRemoteSwiftPackageReference "firebase-ios-sdk" */;
			productName = FirebasePerformance;
		};
		142BC70F2B8868B20046D8AB /* FirebaseRemoteConfig */ = {
			isa = XCSwiftPackageProductDependency;
			package = 142BC6E02B8868B20046D8AB /* XCRemoteSwiftPackageReference "firebase-ios-sdk" */;
			productName = FirebaseRemoteConfig;
		};
		142BC7112B8868B20046D8AB /* FirebaseRemoteConfigSwift */ = {
			isa = XCSwiftPackageProductDependency;
			package = 142BC6E02B8868B20046D8AB /* XCRemoteSwiftPackageReference "firebase-ios-sdk" */;
			productName = FirebaseRemoteConfigSwift;
		};
		142BC7132B8868B20046D8AB /* FirebaseStorage */ = {
			isa = XCSwiftPackageProductDependency;
			package = 142BC6E02B8868B20046D8AB /* XCRemoteSwiftPackageReference "firebase-ios-sdk" */;
			productName = FirebaseStorage;
		};
		142BC7152B8868B20046D8AB /* FirebaseStorageCombine-Community */ = {
			isa = XCSwiftPackageProductDependency;
			package = 142BC6E02B8868B20046D8AB /* XCRemoteSwiftPackageReference "firebase-ios-sdk" */;
			productName = "FirebaseStorageCombine-Community";
		};
		142BC7182B8869140046D8AB /* Alamofire */ = {
			isa = XCSwiftPackageProductDependency;
			package = 142BC7172B8869140046D8AB /* XCRemoteSwiftPackageReference "Alamofire" */;
			productName = Alamofire;
		};
		142BC71B2B88697C0046D8AB /* KakaoSDK */ = {
			isa = XCSwiftPackageProductDependency;
			package = 142BC71A2B88697C0046D8AB /* XCRemoteSwiftPackageReference "kakao-ios-sdk" */;
			productName = KakaoSDK;
		};
		142BC71D2B88697C0046D8AB /* KakaoSDKAuth */ = {
			isa = XCSwiftPackageProductDependency;
			package = 142BC71A2B88697C0046D8AB /* XCRemoteSwiftPackageReference "kakao-ios-sdk" */;
			productName = KakaoSDKAuth;
		};
		142BC71F2B88697C0046D8AB /* KakaoSDKCommon */ = {
			isa = XCSwiftPackageProductDependency;
			package = 142BC71A2B88697C0046D8AB /* XCRemoteSwiftPackageReference "kakao-ios-sdk" */;
			productName = KakaoSDKCommon;
		};
		142BC7212B88697C0046D8AB /* KakaoSDKUser */ = {
			isa = XCSwiftPackageProductDependency;
			package = 142BC71A2B88697C0046D8AB /* XCRemoteSwiftPackageReference "kakao-ios-sdk" */;
			productName = KakaoSDKUser;
		};
		142BC7242B8869AD0046D8AB /* SnapKit */ = {
			isa = XCSwiftPackageProductDependency;
			package = 142BC7232B8869AD0046D8AB /* XCRemoteSwiftPackageReference "SnapKit" */;
			productName = SnapKit;
		};
		142BC7262B8869AD0046D8AB /* SnapKit-Dynamic */ = {
			isa = XCSwiftPackageProductDependency;
			package = 142BC7232B8869AD0046D8AB /* XCRemoteSwiftPackageReference "SnapKit" */;
			productName = "SnapKit-Dynamic";
		};
		142BC7292B886A1A0046D8AB /* FSCalendar */ = {
			isa = XCSwiftPackageProductDependency;
			package = 142BC7282B886A1A0046D8AB /* XCRemoteSwiftPackageReference "FSCalendar" */;
			productName = FSCalendar;
		};
/* End XCSwiftPackageProductDependency section */

/* Begin XCVersionGroup section */
		14D2BE692B84BBBF0006AC51 /* Pillanner.xcdatamodeld */ = {
			isa = XCVersionGroup;
			children = (
				14D2BE6A2B84BBBF0006AC51 /* Pillanner.xcdatamodel */,
			);
			currentVersion = 14D2BE6A2B84BBBF0006AC51 /* Pillanner.xcdatamodel */;
			path = Pillanner.xcdatamodeld;
			sourceTree = "<group>";
			versionGroupType = wrapper.xcdatamodel;
		};
/* End XCVersionGroup section */
	};
	rootObject = 14D2BE552B84BBBF0006AC51 /* Project object */;
}
